
Microsoft Visual Studio Solution File, Format Version 12.00
Project("{FAE04EC0-301F-11D3-BF4B-00C04F79EFBC}") = "Core", "Core\Core.csproj", "{B2DD1DBD-8203-4411-8B83-74CC849FB249}"
EndProject
Project("{FAE04EC0-301F-11D3-BF4B-00C04F79EFBC}") = "Gui", "Gui\Gui.csproj", "{D73CD9A5-A16C-4CC3-8751-874DC6A8C56E}"
EndProject
Global
	GlobalSection(SolutionConfigurationPlatforms) = preSolution
		Debug|Any CPU = Debug|Any CPU
		Release|Any CPU = Release|Any CPU
	EndGlobalSection
	GlobalSection(ProjectConfigurationPlatforms) = postSolution
		{B2DD1DBD-8203-4411-8B83-74CC849FB249}.Debug|Any CPU.ActiveCfg = Debug|Any CPU
		{B2DD1DBD-8203-4411-8B83-74CC849FB249}.Debug|Any CPU.Build.0 = Debug|Any CPU
		{B2DD1DBD-8203-4411-8B83-74CC849FB249}.Release|Any CPU.ActiveCfg = Release|Any CPU
		{B2DD1DBD-8203-4411-8B83-74CC849FB249}.Release|Any CPU.Build.0 = Release|Any CPU
		{D73CD9A5-A16C-4CC3-8751-874DC6A8C56E}.Debug|Any CPU.ActiveCfg = Debug|Any CPU
		{D73CD9A5-A16C-4CC3-8751-874DC6A8C56E}.Debug|Any CPU.Build.0 = Debug|Any CPU
		{D73CD9A5-A16C-4CC3-8751-874DC6A8C56E}.Release|Any CPU.ActiveCfg = Release|Any CPU
		{D73CD9A5-A16C-4CC3-8751-874DC6A8C56E}.Release|Any CPU.Build.0 = Release|Any CPU
	EndGlobalSection
EndGlobal
